
Microsoft Visual Studio Solution File, Format Version 12.00
# Visual Studio Version 16
VisualStudioVersion = 16.0.30011.22
MinimumVisualStudioVersion = 10.0.40219.1
Project("{FAE04EC0-301F-11D3-BF4B-00C04F79EFBC}") = "RPG", "RPG_Game\RPG\RPG.csproj", "{15711FF5-D4B2-40C4-8A8C-1AD200D541BC}"
EndProject
Global
	GlobalSection(SolutionConfigurationPlatforms) = preSolution
		Debug|Any CPU = Debug|Any CPU
		Release|Any CPU = Release|Any CPU
	EndGlobalSection
	GlobalSection(ProjectConfigurationPlatforms) = postSolution
		{15711FF5-D4B2-40C4-8A8C-1AD200D541BC}.Debug|Any CPU.ActiveCfg = Debug|Any CPU
		{15711FF5-D4B2-40C4-8A8C-1AD200D541BC}.Debug|Any CPU.Build.0 = Debug|Any CPU
		{15711FF5-D4B2-40C4-8A8C-1AD200D541BC}.Release|Any CPU.ActiveCfg = Release|Any CPU
		{15711FF5-D4B2-40C4-8A8C-1AD200D541BC}.Release|Any CPU.Build.0 = Release|Any CPU
	EndGlobalSection
	GlobalSection(SolutionProperties) = preSolution
		HideSolutionNode = FALSE
	EndGlobalSection
	GlobalSection(ExtensibilityGlobals) = postSolution
		SolutionGuid = {ACE1B973-809B-40F5-87DA-84E6BD2692E5}
	EndGlobalSection
EndGlobal
